
Microsoft Visual Studio Solution File, Format Version 12.00
# Visual Studio 15
VisualStudioVersion = 15.0.27428.2027
MinimumVisualStudioVersion = 10.0.40219.1
Project("{FAE04EC0-301F-11D3-BF4B-00C04F79EFBC}") = "dcam", "dcam\dcam.csproj", "{AEACA3FC-6B62-4D6B-90AC-26E50C364556}"
EndProject
Project("{8BC9CEB8-8B4A-11D0-8D11-00A0C91BC942}") = "camapi", "camapi\camapi.vcxproj", "{18AF3197-D12E-459C-AC38-50FE4176F45A}"
EndProject
Project("{2150E333-8FDC-42A3-9474-1A3956D46DE8}") = "Solution Items", "Solution Items", "{BF5594CC-24E2-4C28-85AC-6CD6FB0C68C0}"
	ProjectSection(SolutionItems) = preProject
		README.md = README.md
	EndProjectSection
EndProject
Project("{8BC9CEB8-8B4A-11D0-8D11-00A0C91BC942}") = "ManageNative", "ManageClass\ManageClass.vcxproj", "{23D3F5B3-F0D7-4444-B3E5-B3E536E93C1E}"
EndProject
Global
	GlobalSection(SolutionConfigurationPlatforms) = preSolution
		Debug|Any CPU = Debug|Any CPU
		Debug|x64 = Debug|x64
		Debug|x86 = Debug|x86
		Release|Any CPU = Release|Any CPU
		Release|x64 = Release|x64
		Release|x86 = Release|x86
	EndGlobalSection
	GlobalSection(ProjectConfigurationPlatforms) = postSolution
		{AEACA3FC-6B62-4D6B-90AC-26E50C364556}.Debug|Any CPU.ActiveCfg = Debug|Any CPU
		{AEACA3FC-6B62-4D6B-90AC-26E50C364556}.Debug|Any CPU.Build.0 = Debug|Any CPU
		{AEACA3FC-6B62-4D6B-90AC-26E50C364556}.Debug|x64.ActiveCfg = Debug|Any CPU
		{AEACA3FC-6B62-4D6B-90AC-26E50C364556}.Debug|x64.Build.0 = Debug|Any CPU
		{AEACA3FC-6B62-4D6B-90AC-26E50C364556}.Debug|x86.ActiveCfg = Debug|Any CPU
		{AEACA3FC-6B62-4D6B-90AC-26E50C364556}.Debug|x86.Build.0 = Debug|Any CPU
		{AEACA3FC-6B62-4D6B-90AC-26E50C364556}.Release|Any CPU.ActiveCfg = Release|Any CPU
		{AEACA3FC-6B62-4D6B-90AC-26E50C364556}.Release|Any CPU.Build.0 = Release|Any CPU
		{AEACA3FC-6B62-4D6B-90AC-26E50C364556}.Release|x64.ActiveCfg = Release|Any CPU
		{AEACA3FC-6B62-4D6B-90AC-26E50C364556}.Release|x64.Build.0 = Release|Any CPU
		{AEACA3FC-6B62-4D6B-90AC-26E50C364556}.Release|x86.ActiveCfg = Release|Any CPU
		{AEACA3FC-6B62-4D6B-90AC-26E50C364556}.Release|x86.Build.0 = Release|Any CPU
		{18AF3197-D12E-459C-AC38-50FE4176F45A}.Debug|Any CPU.ActiveCfg = Debug|Win32
		{18AF3197-D12E-459C-AC38-50FE4176F45A}.Debug|x64.ActiveCfg = Debug|x64
		{18AF3197-D12E-459C-AC38-50FE4176F45A}.Debug|x64.Build.0 = Debug|x64
		{18AF3197-D12E-459C-AC38-50FE4176F45A}.Debug|x86.ActiveCfg = Debug|Win32
		{18AF3197-D12E-459C-AC38-50FE4176F45A}.Debug|x86.Build.0 = Debug|Win32
		{18AF3197-D12E-459C-AC38-50FE4176F45A}.Release|Any CPU.ActiveCfg = Release|Win32
		{18AF3197-D12E-459C-AC38-50FE4176F45A}.Release|x64.ActiveCfg = Release|x64
		{18AF3197-D12E-459C-AC38-50FE4176F45A}.Release|x64.Build.0 = Release|x64
		{18AF3197-D12E-459C-AC38-50FE4176F45A}.Release|x86.ActiveCfg = Release|Win32
		{18AF3197-D12E-459C-AC38-50FE4176F45A}.Release|x86.Build.0 = Release|Win32
		{23D3F5B3-F0D7-4444-B3E5-B3E536E93C1E}.Debug|Any CPU.ActiveCfg = Debug|Win32
		{23D3F5B3-F0D7-4444-B3E5-B3E536E93C1E}.Debug|x64.ActiveCfg = Debug|x64
		{23D3F5B3-F0D7-4444-B3E5-B3E536E93C1E}.Debug|x64.Build.0 = Debug|x64
		{23D3F5B3-F0D7-4444-B3E5-B3E536E93C1E}.Debug|x86.ActiveCfg = Debug|Win32
		{23D3F5B3-F0D7-4444-B3E5-B3E536E93C1E}.Debug|x86.Build.0 = Debug|Win32
		{23D3F5B3-F0D7-4444-B3E5-B3E536E93C1E}.Release|Any CPU.ActiveCfg = Release|Win32
		{23D3F5B3-F0D7-4444-B3E5-B3E536E93C1E}.Release|x64.ActiveCfg = Release|x64
		{23D3F5B3-F0D7-4444-B3E5-B3E536E93C1E}.Release|x64.Build.0 = Release|x64
		{23D3F5B3-F0D7-4444-B3E5-B3E536E93C1E}.Release|x86.ActiveCfg = Release|Win32
		{23D3F5B3-F0D7-4444-B3E5-B3E536E93C1E}.Release|x86.Build.0 = Release|Win32
	EndGlobalSection
	GlobalSection(SolutionProperties) = preSolution
		HideSolutionNode = FALSE
	EndGlobalSection
	GlobalSection(ExtensibilityGlobals) = postSolution
		SolutionGuid = {6480E749-4D3D-40A6-9F50-33A4320D7D21}
	EndGlobalSection
EndGlobal
